{
  "name": "dailyimage-generator",
  "version": "0.0.0",
  "lockfileVersion": 3,
  "requires": true,
  "packages": {
    "": {
      "name": "dailyimage-generator",
      "version": "0.0.0",
      "dependencies": {
        "@kynsonszetau/png2webp": "^1.0.0"
      },
      "devDependencies": {
        "@cloudflare/ai": "^1.0.50",
        "@cloudflare/workers-types": "^4.20240208.0",
        "typescript": "^5.0.4"
      }
    },
    "node_modules/@cloudflare/ai": {
      "version": "1.0.53",
      "resolved": "https://registry.npmjs.org/@cloudflare/ai/-/ai-1.0.53.tgz",
      "integrity": "sha512-bVuvvm+LU/EoZ5mehL0uakOld1gvrOEQpnRqXbkNIjypHlxTLPLe3LDU3RZdaSTTUI+dK5beLI5qcmAu8h1/iQ==",
      "dev": true
    },
    "node_modules/@cloudflare/workers-types": {
      "version": "4.20240208.0",
      "resolved": "https://registry.npmjs.org/@cloudflare/workers-types/-/workers-types-4.20240208.0.tgz",
      "integrity": "sha512-MVGTTjZpJu4kJONvai5SdJzWIhOJbuweVZ3goI7FNyG+JdoQH41OoB+nMhLsX626vPLZVWGPIWsiSo/WZHzgQw==",
      "dev": true
    },
    "node_modules/@kynsonszetau/png2webp": {
      "version": "1.0.0",
      "resolved": "https://registry.npmjs.org/@kynsonszetau/png2webp/-/png2webp-1.0.0.tgz",
      "integrity": "sha512-wAJmASVZkdmaqamLZcNFH/3oJsXG0A1mXaNpoh2DnywCk+7Wtr5rGWKik5DpVtlqSq1olRh4gXVuSD6bllzxCA=="
    },
    "node_modules/typescript": {
      "version": "5.3.3",
      "resolved": "https://registry.npmjs.org/typescript/-/typescript-5.3.3.tgz",
      "integrity": "sha512-pXWcraxM0uxAS+tN0AG/BF2TyqmHO014Z070UsJ+pFvYuRSq8KH8DmWpnbXe0pEPDHXZV3FcAbJkijJ5oNEnWw==",
      "dev": true,
      "bin": {
        "tsc": "bin/tsc",
        "tsserver": "bin/tsserver"
      },
      "engines": {
        "node": ">=14.17"
      }
    }
  }
}
